// !$*UTF8*$!
{
	archiveVersion = 1;
	classes = {
	};
	objectVersion = 77;
	objects = {

/* Begin PBXBuildFile section */
		0A3175EBBA8A95AB2DABF61C /* ImageStorageManager.swift in Sources */ = {isa = PBXBuildFile; fileRef = 596D35C43B85BA036C89851B /* ImageStorageManager.swift */; };
		0CDDE4859D7F63FEA020425F /* ImageExportView.swift in Sources */ = {isa = PBXBuildFile; fileRef = 6E701A6F4B2136C66E1EB59A /* ImageExportView.swift */; };
		0ECB0285D57AA78F02D516AA /* OCRService.swift in Sources */ = {isa = PBXBuildFile; fileRef = 26174ABFBE19A978835DAEF5 /* OCRService.swift */; };
		127F784C5A366D3EB4B36A31 /* CollectionsView.swift in Sources */ = {isa = PBXBuildFile; fileRef = 9BBB60DC186DBDF0D72DFDD9 /* CollectionsView.swift */; };
		1B4D9FA19ABC50E6FB397998 /* ShareSheet.swift in Sources */ = {isa = PBXBuildFile; fileRef = 90FEF294BF0C8DE5C26980D4 /* ShareSheet.swift */; };
		21852C468EB050EBE5550694 /* Item.swift in Sources */ = {isa = PBXBuildFile; fileRef = 6B03155DE1EEE63EA783C064 /* Item.swift */; };
		2B2ACDDE243D6062EB8D03BF /* PersistenceTests.swift in Sources */ = {isa = PBXBuildFile; fileRef = 2DE1FAEA4CB721481D9534F8 /* PersistenceTests.swift */; };
		2E0C7377F292880521AFE62C /* HapticManager.swift in Sources */ = {isa = PBXBuildFile; fileRef = 6B752BEDF4AE8CD7AE09DA1F /* HapticManager.swift */; };
		2FB8A30763CA63FC7673A38D /* ClassificationServiceTests.swift in Sources */ = {isa = PBXBuildFile; fileRef = 9C317DD2AE5ACEC5B30CE712 /* ClassificationServiceTests.swift */; };
		30038ABF251F4F243D981D4A /* AsyncDisplayImage.swift in Sources */ = {isa = PBXBuildFile; fileRef = 313FF1662E65F49730EDD937 /* AsyncDisplayImage.swift */; };
		31664FB4551FD2C169E16138 /* SettingsViewModel.swift in Sources */ = {isa = PBXBuildFile; fileRef = 9E8A95B13D9AD466C8E4145F /* SettingsViewModel.swift */; };
		31E29194C948FC217FB042B9 /* SyncManager.swift in Sources */ = {isa = PBXBuildFile; fileRef = A82D9D0843880ED1F6869DAF /* SyncManager.swift */; };
		327850675A9FDDC08CABA4D1 /* CameraPicker.swift in Sources */ = {isa = PBXBuildFile; fileRef = D8BED69C0CD6C806A320CC8C /* CameraPicker.swift */; };
		3423F33E7117B050DC55AC95 /* CollageLayout.swift in Sources */ = {isa = PBXBuildFile; fileRef = FA7FD5FDDA7F45EB709C7621 /* CollageLayout.swift */; };
		34E05BA786307E484953D7C1 /* CaptureGuideManager.swift in Sources */ = {isa = PBXBuildFile; fileRef = 8697C32AC6E36C3582BB9B23 /* CaptureGuideManager.swift */; };
		35A9D503CF6191799C53F9DC /* DevotionView.swift in Sources */ = {isa = PBXBuildFile; fileRef = DB59BD5464C8780B0DD9DB8E /* DevotionView.swift */; };
		380015347B1C39B02E019FC6 /* Collection.swift in Sources */ = {isa = PBXBuildFile; fileRef = CFC4014935D476CA1F0AFD7D /* Collection.swift */; };
		3CCB17D9B865D4AE078FB29B /* Color+Brand.swift in Sources */ = {isa = PBXBuildFile; fileRef = FAABFEB07A85405B90BCC186 /* Color+Brand.swift */; };
		50C2870BA82942B028462E4D /* FloodFillEngineTests.swift in Sources */ = {isa = PBXBuildFile; fileRef = 55111B9BB59A6200A85B2A8E /* FloodFillEngineTests.swift */; };
		5A3AFE7909D3F4BCA34E3E30 /* ItaBinderApp.swift in Sources */ = {isa = PBXBuildFile; fileRef = C761CE9347A9546F2CFA509C /* ItaBinderApp.swift */; };
		63D50FC868AB0B135FE36B01 /* HomeView.swift in Sources */ = {isa = PBXBuildFile; fileRef = C41CF385483A530A566C159C /* HomeView.swift */; };
		68F41CEFE7FA3092AE904079 /* SuggestionService.swift in Sources */ = {isa = PBXBuildFile; fileRef = 09F09897D91152D64DB4E254 /* SuggestionService.swift */; };
		6B6DC057E261675449ADB86A /* ItemDetailView.swift in Sources */ = {isa = PBXBuildFile; fileRef = FA3670F9BBF076C357835E5F /* ItemDetailView.swift */; };
		6BA82CEE4F5ED72D7EFB2280 /* GuidedCameraView.swift in Sources */ = {isa = PBXBuildFile; fileRef = 0E67AE2EFD499285FD52D137 /* GuidedCameraView.swift */; };
		6BB3055C343C4AB5FA0FFA36 /* Tag.swift in Sources */ = {isa = PBXBuildFile; fileRef = 4178F4999C46AF3A779200EA /* Tag.swift */; };
		6C953DE6F3D2E3AC75D60EFA /* OpenCVBridge.mm in Sources */ = {isa = PBXBuildFile; fileRef = 29182B406BC88001D407BD67 /* OpenCVBridge.mm */; };
		6F59AFA2290AFBFBB1E6236B /* SettingsView.swift in Sources */ = {isa = PBXBuildFile; fileRef = A44F39146C6EEDB0CA78D454 /* SettingsView.swift */; };
		701E6FDD37DD08DDE7A8019A /* RefinementView.swift in Sources */ = {isa = PBXBuildFile; fileRef = B3627346FC920D567D7CEEC8 /* RefinementView.swift */; };
		70B9D01817F2C94A0AFC170E /* MainNavigationState.swift in Sources */ = {isa = PBXBuildFile; fileRef = 2A4E64696C642472B0140B4E /* MainNavigationState.swift */; };
		71AC1C2282BD5D384D81E4AD /* ImageCache.swift in Sources */ = {isa = PBXBuildFile; fileRef = 841626454AFCF40577088439 /* ImageCache.swift */; };
		7845A249D334E26C3BB557A7 /* StatsService.swift in Sources */ = {isa = PBXBuildFile; fileRef = 1F8D61E952EAAC4037B29BB5 /* StatsService.swift */; };
		7A9ADE27609A9CB05C022C95 /* OCRServiceTests.swift in Sources */ = {isa = PBXBuildFile; fileRef = A3FA331C08D332B6A2696A07 /* OCRServiceTests.swift */; };
		7B4EE3239B5EF94DD14F498F /* CollectionsViewModel.swift in Sources */ = {isa = PBXBuildFile; fileRef = FEEA122B272F1936A17EBA95 /* CollectionsViewModel.swift */; };
		7EC24E23AD6027FA9D1D863D /* CollageView.swift in Sources */ = {isa = PBXBuildFile; fileRef = FBBC9EF37838C083F1BFC46C /* CollageView.swift */; };
		7F439386D89050AF444C0C25 /* PosterConfiguration.swift in Sources */ = {isa = PBXBuildFile; fileRef = 3946A380B139A2B4D0DF701E /* PosterConfiguration.swift */; };
		833B01F8E3457D7FC1A25EFA /* ImageClassificationService.swift in Sources */ = {isa = PBXBuildFile; fileRef = D18E6B3117FA06252195535F /* ImageClassificationService.swift */; };
		9544BB1C03BD59279BAEAE4D /* FloodFillEngine.swift in Sources */ = {isa = PBXBuildFile; fileRef = 80E8A346E2D540EA17D107AD /* FloodFillEngine.swift */; };
		95CAB3A9CE019657B7E9C261 /* PosterRenderService.swift in Sources */ = {isa = PBXBuildFile; fileRef = E5CA268B386F1B1DBDCBF40B /* PosterRenderService.swift */; };
		A27CE8943A60123993E81C4F /* PhotoLibraryManager.swift in Sources */ = {isa = PBXBuildFile; fileRef = 22B28B8FBED3BD45D341A50E /* PhotoLibraryManager.swift */; };
		B38A27CE949343D5982CECED /* DynamicGlassBackground.swift in Sources */ = {isa = PBXBuildFile; fileRef = 419608FA12EAE1D6D9011579 /* DynamicGlassBackground.swift */; };
		B5C8860CD0E0E7110EF86B54 /* ItemGridView.swift in Sources */ = {isa = PBXBuildFile; fileRef = C009DE9C4104D88F7468F147 /* ItemGridView.swift */; };
		B64A5DB9BCB2C6D9B2178106 /* OpenCV in Frameworks */ = {isa = PBXBuildFile; productRef = 2B4F4A8765140C18E3D50A75 /* OpenCV */; };
		BFB9798CF14DC8E3CA79A51E /* AsyncThumbnailImage.swift in Sources */ = {isa = PBXBuildFile; fileRef = 1D46D44F3378F3611A8BDDD4 /* AsyncThumbnailImage.swift */; };
		C8FF2F98A7FFD7405C763220 /* CollectionDetailView.swift in Sources */ = {isa = PBXBuildFile; fileRef = 73E10B0698F35D66F8671C3F /* CollectionDetailView.swift */; };
		CBE0B3CEF79E650A11DADC94 /* MainTabView.swift in Sources */ = {isa = PBXBuildFile; fileRef = 60E0728A6F4425B5E7B2A715 /* MainTabView.swift */; };
		CC96DD9B9971A47777E09023 /* ImageImportView.swift in Sources */ = {isa = PBXBuildFile; fileRef = 921319AB90A269E955DFDE74 /* ImageImportView.swift */; };
		CCD96A8A85DAEA368F884A98 /* PhotoLibraryService.swift in Sources */ = {isa = PBXBuildFile; fileRef = 9C822C23F4AFA6AC6A91B880 /* PhotoLibraryService.swift */; };
		D25A8F6160DEA6804DE9CB52 /* ImageImporter.swift in Sources */ = {isa = PBXBuildFile; fileRef = 218766B002E0D8B11F1F1A24 /* ImageImporter.swift */; };
		DA94FA4592B6F44FF0E6B591 /* ItemCard.swift in Sources */ = {isa = PBXBuildFile; fileRef = 2F7639B4644BA1DFF6973FC9 /* ItemCard.swift */; };
		E63F257EA4CEB16C4F520E56 /* AssetMetadata.swift in Sources */ = {isa = PBXBuildFile; fileRef = 6CABA5A9A3730973ECE6DE79 /* AssetMetadata.swift */; };
		EFFE5E045E8C929AAC006456 /* CollageExportService.swift in Sources */ = {isa = PBXBuildFile; fileRef = D4074F025BB3E948F70D6C9F /* CollageExportService.swift */; };
		FB0AB2B40C939EE76EA23296 /* PosterExportView.swift in Sources */ = {isa = PBXBuildFile; fileRef = F09DDCA80CE367062A172417 /* PosterExportView.swift */; };
		FCE63E90871D6BA4178F48E6 /* PosterTemplateView.swift in Sources */ = {isa = PBXBuildFile; fileRef = 1CCF4958A997B7093798A714 /* PosterTemplateView.swift */; };
		FF86BF642C5F492D803E63F0 /* StatsCard.swift in Sources */ = {isa = PBXBuildFile; fileRef = 65297B723B4D91341620C9CC /* StatsCard.swift */; };
		CF77C0C125C04B569EF5874E /* CaptureProcessingView.swift in Sources */ = {isa = PBXBuildFile; fileRef = 5AAF2453B7794E7BA2ACFDD3 /* CaptureProcessingView.swift */; };
/* End PBXBuildFile section */

/* Begin PBXContainerItemProxy section */
		72B6651295A19859CB5914E9 /* PBXContainerItemProxy */ = {
			isa = PBXContainerItemProxy;
			containerPortal = 4D72426F108A81CAB8274E2B /* Project object */;
			proxyType = 1;
			remoteGlobalIDString = A32A501912784BBD38B52C49;
			remoteInfo = ItaBinder;
		};
/* End PBXContainerItemProxy section */

/* Begin PBXFileReference section */
		09F09897D91152D64DB4E254 /* SuggestionService.swift */ = {isa = PBXFileReference; lastKnownFileType = sourcecode.swift; path = SuggestionService.swift; sourceTree = "<group>"; };
		0E67AE2EFD499285FD52D137 /* GuidedCameraView.swift */ = {isa = PBXFileReference; lastKnownFileType = sourcecode.swift; path = GuidedCameraView.swift; sourceTree = "<group>"; };
		1CCF4958A997B7093798A714 /* PosterTemplateView.swift */ = {isa = PBXFileReference; lastKnownFileType = sourcecode.swift; path = PosterTemplateView.swift; sourceTree = "<group>"; };
		1D46D44F3378F3611A8BDDD4 /* AsyncThumbnailImage.swift */ = {isa = PBXFileReference; lastKnownFileType = sourcecode.swift; path = AsyncThumbnailImage.swift; sourceTree = "<group>"; };
		1F8D61E952EAAC4037B29BB5 /* StatsService.swift */ = {isa = PBXFileReference; lastKnownFileType = sourcecode.swift; path = StatsService.swift; sourceTree = "<group>"; };
		218766B002E0D8B11F1F1A24 /* ImageImporter.swift */ = {isa = PBXFileReference; lastKnownFileType = sourcecode.swift; path = ImageImporter.swift; sourceTree = "<group>"; };
		22B28B8FBED3BD45D341A50E /* PhotoLibraryManager.swift */ = {isa = PBXFileReference; lastKnownFileType = sourcecode.swift; path = PhotoLibraryManager.swift; sourceTree = "<group>"; };
		26174ABFBE19A978835DAEF5 /* OCRService.swift */ = {isa = PBXFileReference; lastKnownFileType = sourcecode.swift; path = OCRService.swift; sourceTree = "<group>"; };
		28AB5B875C11C3FEF1C97D91 /* ItaBinder-Bridging-Header.h */ = {isa = PBXFileReference; lastKnownFileType = sourcecode.c.h; path = "ItaBinder-Bridging-Header.h"; sourceTree = "<group>"; };
		29182B406BC88001D407BD67 /* OpenCVBridge.mm */ = {isa = PBXFileReference; lastKnownFileType = sourcecode.cpp.objcpp; path = OpenCVBridge.mm; sourceTree = "<group>"; };
		2A4E64696C642472B0140B4E /* MainNavigationState.swift */ = {isa = PBXFileReference; lastKnownFileType = sourcecode.swift; path = MainNavigationState.swift; sourceTree = "<group>"; };
		2DE1FAEA4CB721481D9534F8 /* PersistenceTests.swift */ = {isa = PBXFileReference; lastKnownFileType = sourcecode.swift; path = PersistenceTests.swift; sourceTree = "<group>"; };
		2F7639B4644BA1DFF6973FC9 /* ItemCard.swift */ = {isa = PBXFileReference; lastKnownFileType = sourcecode.swift; path = ItemCard.swift; sourceTree = "<group>"; };
		313FF1662E65F49730EDD937 /* AsyncDisplayImage.swift */ = {isa = PBXFileReference; lastKnownFileType = sourcecode.swift; path = AsyncDisplayImage.swift; sourceTree = "<group>"; };
		3946A380B139A2B4D0DF701E /* PosterConfiguration.swift */ = {isa = PBXFileReference; lastKnownFileType = sourcecode.swift; path = PosterConfiguration.swift; sourceTree = "<group>"; };
		3FEDA6DA0CC4CD2FD0CEB6D5 /* ItaBinderTests.xctest */ = {isa = PBXFileReference; explicitFileType = wrapper.cfbundle; includeInIndex = 0; path = ItaBinderTests.xctest; sourceTree = BUILT_PRODUCTS_DIR; };
		4178F4999C46AF3A779200EA /* Tag.swift */ = {isa = PBXFileReference; lastKnownFileType = sourcecode.swift; path = Tag.swift; sourceTree = "<group>"; };
		419608FA12EAE1D6D9011579 /* DynamicGlassBackground.swift */ = {isa = PBXFileReference; lastKnownFileType = sourcecode.swift; path = DynamicGlassBackground.swift; sourceTree = "<group>"; };
		55111B9BB59A6200A85B2A8E /* FloodFillEngineTests.swift */ = {isa = PBXFileReference; lastKnownFileType = sourcecode.swift; path = FloodFillEngineTests.swift; sourceTree = "<group>"; };
		596D35C43B85BA036C89851B /* ImageStorageManager.swift */ = {isa = PBXFileReference; lastKnownFileType = sourcecode.swift; path = ImageStorageManager.swift; sourceTree = "<group>"; };
		60E0728A6F4425B5E7B2A715 /* MainTabView.swift */ = {isa = PBXFileReference; lastKnownFileType = sourcecode.swift; path = MainTabView.swift; sourceTree = "<group>"; };
		65297B723B4D91341620C9CC /* StatsCard.swift */ = {isa = PBXFileReference; lastKnownFileType = sourcecode.swift; path = StatsCard.swift; sourceTree = "<group>"; };
		6717B60569DACC9668A3C775 /* OpenCVBridge.h */ = {isa = PBXFileReference; lastKnownFileType = sourcecode.c.h; path = OpenCVBridge.h; sourceTree = "<group>"; };
		6B03155DE1EEE63EA783C064 /* Item.swift */ = {isa = PBXFileReference; lastKnownFileType = sourcecode.swift; path = Item.swift; sourceTree = "<group>"; };
		6B752BEDF4AE8CD7AE09DA1F /* HapticManager.swift */ = {isa = PBXFileReference; lastKnownFileType = sourcecode.swift; path = HapticManager.swift; sourceTree = "<group>"; };
		6CABA5A9A3730973ECE6DE79 /* AssetMetadata.swift */ = {isa = PBXFileReference; lastKnownFileType = sourcecode.swift; path = AssetMetadata.swift; sourceTree = "<group>"; };
		6E701A6F4B2136C66E1EB59A /* ImageExportView.swift */ = {isa = PBXFileReference; lastKnownFileType = sourcecode.swift; path = ImageExportView.swift; sourceTree = "<group>"; };
		73E10B0698F35D66F8671C3F /* CollectionDetailView.swift */ = {isa = PBXFileReference; lastKnownFileType = sourcecode.swift; path = CollectionDetailView.swift; sourceTree = "<group>"; };
		80E8A346E2D540EA17D107AD /* FloodFillEngine.swift */ = {isa = PBXFileReference; lastKnownFileType = sourcecode.swift; path = FloodFillEngine.swift; sourceTree = "<group>"; };
		841626454AFCF40577088439 /* ImageCache.swift */ = {isa = PBXFileReference; lastKnownFileType = sourcecode.swift; path = ImageCache.swift; sourceTree = "<group>"; };
		8697C32AC6E36C3582BB9B23 /* CaptureGuideManager.swift */ = {isa = PBXFileReference; lastKnownFileType = sourcecode.swift; path = CaptureGuideManager.swift; sourceTree = "<group>"; };
		90BD32F8F0E3C24F39F2B14D /* Info.plist */ = {isa = PBXFileReference; lastKnownFileType = text.plist; path = Info.plist; sourceTree = "<group>"; };
		90FEF294BF0C8DE5C26980D4 /* ShareSheet.swift */ = {isa = PBXFileReference; lastKnownFileType = sourcecode.swift; path = ShareSheet.swift; sourceTree = "<group>"; };
		921319AB90A269E955DFDE74 /* ImageImportView.swift */ = {isa = PBXFileReference; lastKnownFileType = sourcecode.swift; path = ImageImportView.swift; sourceTree = "<group>"; };
		9BBB60DC186DBDF0D72DFDD9 /* CollectionsView.swift */ = {isa = PBXFileReference; lastKnownFileType = sourcecode.swift; path = CollectionsView.swift; sourceTree = "<group>"; };
		9C317DD2AE5ACEC5B30CE712 /* ClassificationServiceTests.swift */ = {isa = PBXFileReference; lastKnownFileType = sourcecode.swift; path = ClassificationServiceTests.swift; sourceTree = "<group>"; };
		9C822C23F4AFA6AC6A91B880 /* PhotoLibraryService.swift */ = {isa = PBXFileReference; lastKnownFileType = sourcecode.swift; path = PhotoLibraryService.swift; sourceTree = "<group>"; };
		9E8A95B13D9AD466C8E4145F /* SettingsViewModel.swift */ = {isa = PBXFileReference; lastKnownFileType = sourcecode.swift; path = SettingsViewModel.swift; sourceTree = "<group>"; };
		A3FA331C08D332B6A2696A07 /* OCRServiceTests.swift */ = {isa = PBXFileReference; lastKnownFileType = sourcecode.swift; path = OCRServiceTests.swift; sourceTree = "<group>"; };
		A44F39146C6EEDB0CA78D454 /* SettingsView.swift */ = {isa = PBXFileReference; lastKnownFileType = sourcecode.swift; path = SettingsView.swift; sourceTree = "<group>"; };
		A82D9D0843880ED1F6869DAF /* SyncManager.swift */ = {isa = PBXFileReference; lastKnownFileType = sourcecode.swift; path = SyncManager.swift; sourceTree = "<group>"; };
		B3627346FC920D567D7CEEC8 /* RefinementView.swift */ = {isa = PBXFileReference; lastKnownFileType = sourcecode.swift; path = RefinementView.swift; sourceTree = "<group>"; };
		C009DE9C4104D88F7468F147 /* ItemGridView.swift */ = {isa = PBXFileReference; lastKnownFileType = sourcecode.swift; path = ItemGridView.swift; sourceTree = "<group>"; };
		C41CF385483A530A566C159C /* HomeView.swift */ = {isa = PBXFileReference; lastKnownFileType = sourcecode.swift; path = HomeView.swift; sourceTree = "<group>"; };
		C761CE9347A9546F2CFA509C /* ItaBinderApp.swift */ = {isa = PBXFileReference; lastKnownFileType = sourcecode.swift; path = ItaBinderApp.swift; sourceTree = "<group>"; };
		CFC4014935D476CA1F0AFD7D /* Collection.swift */ = {isa = PBXFileReference; lastKnownFileType = sourcecode.swift; path = Collection.swift; sourceTree = "<group>"; };
		D18E6B3117FA06252195535F /* ImageClassificationService.swift */ = {isa = PBXFileReference; lastKnownFileType = sourcecode.swift; path = ImageClassificationService.swift; sourceTree = "<group>"; };
		D4074F025BB3E948F70D6C9F /* CollageExportService.swift */ = {isa = PBXFileReference; lastKnownFileType = sourcecode.swift; path = CollageExportService.swift; sourceTree = "<group>"; };
		D8BED69C0CD6C806A320CC8C /* CameraPicker.swift */ = {isa = PBXFileReference; lastKnownFileType = sourcecode.swift; path = CameraPicker.swift; sourceTree = "<group>"; };
		DB59BD5464C8780B0DD9DB8E /* DevotionView.swift */ = {isa = PBXFileReference; lastKnownFileType = sourcecode.swift; path = DevotionView.swift; sourceTree = "<group>"; };
		E5CA268B386F1B1DBDCBF40B /* PosterRenderService.swift */ = {isa = PBXFileReference; lastKnownFileType = sourcecode.swift; path = PosterRenderService.swift; sourceTree = "<group>"; };
		F09DDCA80CE367062A172417 /* PosterExportView.swift */ = {isa = PBXFileReference; lastKnownFileType = sourcecode.swift; path = PosterExportView.swift; sourceTree = "<group>"; };
		F9AB76F8D9FFBF7DF19298B7 /* ItaBinder.app */ = {isa = PBXFileReference; explicitFileType = wrapper.application; includeInIndex = 0; path = ItaBinder.app; sourceTree = BUILT_PRODUCTS_DIR; };
		FA3670F9BBF076C357835E5F /* ItemDetailView.swift */ = {isa = PBXFileReference; lastKnownFileType = sourcecode.swift; path = ItemDetailView.swift; sourceTree = "<group>"; };
		FA7FD5FDDA7F45EB709C7621 /* CollageLayout.swift */ = {isa = PBXFileReference; lastKnownFileType = sourcecode.swift; path = CollageLayout.swift; sourceTree = "<group>"; };
		FAABFEB07A85405B90BCC186 /* Color+Brand.swift */ = {isa = PBXFileReference; lastKnownFileType = sourcecode.swift; path = "Color+Brand.swift"; sourceTree = "<group>"; };
		FBBC9EF37838C083F1BFC46C /* CollageView.swift */ = {isa = PBXFileReference; lastKnownFileType = sourcecode.swift; path = CollageView.swift; sourceTree = "<group>"; };
		FEEA122B272F1936A17EBA95 /* CollectionsViewModel.swift */ = {isa = PBXFileReference; lastKnownFileType = sourcecode.swift; path = CollectionsViewModel.swift; sourceTree = "<group>"; };
		5AAF2453B7794E7BA2ACFDD3 /* CaptureProcessingView.swift */ = {isa = PBXFileReference; lastKnownFileType = sourcecode.swift; path = CaptureProcessingView.swift; sourceTree = "<group>"; };
/* End PBXFileReference section */

/* Begin PBXFrameworksBuildPhase section */
		8161D73A4486CCC947D6FE12 /* Frameworks */ = {
			isa = PBXFrameworksBuildPhase;
			buildActionMask = 2147483647;
			files = (
				B64A5DB9BCB2C6D9B2178106 /* OpenCV in Frameworks */,
			);
			runOnlyForDeploymentPostprocessing = 0;
		};
/* End PBXFrameworksBuildPhase section */

/* Begin PBXGroup section */
		0C3FE268CA90BBA0E70FFE15 /* App */ = {
			isa = PBXGroup;
			children = (
				90BD32F8F0E3C24F39F2B14D /* Info.plist */,
				28AB5B875C11C3FEF1C97D91 /* ItaBinder-Bridging-Header.h */,
				C761CE9347A9546F2CFA509C /* ItaBinderApp.swift */,
			);
			path = App;
			sourceTree = "<group>";
		};
		306014FFF5B24970F371BE75 /* Products */ = {
			isa = PBXGroup;
			children = (
				F9AB76F8D9FFBF7DF19298B7 /* ItaBinder.app */,
				3FEDA6DA0CC4CD2FD0CEB6D5 /* ItaBinderTests.xctest */,
			);
			name = Products;
			sourceTree = "<group>";
		};
		68D0960BC6244D7CCACD2051 /* Services */ = {
			isa = PBXGroup;
			children = (
				8697C32AC6E36C3582BB9B23 /* CaptureGuideManager.swift */,
				80E8A346E2D540EA17D107AD /* FloodFillEngine.swift */,
				841626454AFCF40577088439 /* ImageCache.swift */,
				D18E6B3117FA06252195535F /* ImageClassificationService.swift */,
				218766B002E0D8B11F1F1A24 /* ImageImporter.swift */,
				596D35C43B85BA036C89851B /* ImageStorageManager.swift */,
				26174ABFBE19A978835DAEF5 /* OCRService.swift */,
				22B28B8FBED3BD45D341A50E /* PhotoLibraryManager.swift */,
				9C822C23F4AFA6AC6A91B880 /* PhotoLibraryService.swift */,
				1F8D61E952EAAC4037B29BB5 /* StatsService.swift */,
				09F09897D91152D64DB4E254 /* SuggestionService.swift */,
				A82D9D0843880ED1F6869DAF /* SyncManager.swift */,
			);
			path = Services;
			sourceTree = "<group>";
		};
		6A38FBFEFC4D3AF99AAD34E2 /* Grid */ = {
			isa = PBXGroup;
			children = (
				9BBB60DC186DBDF0D72DFDD9 /* CollectionsView.swift */,
				FEEA122B272F1936A17EBA95 /* CollectionsViewModel.swift */,
				C41CF385483A530A566C159C /* HomeView.swift */,
				921319AB90A269E955DFDE74 /* ImageImportView.swift */,
				2F7639B4644BA1DFF6973FC9 /* ItemCard.swift */,
				C009DE9C4104D88F7468F147 /* ItemGridView.swift */,
				60E0728A6F4425B5E7B2A715 /* MainTabView.swift */,
			);
			path = Grid;
			sourceTree = "<group>";
		};
		76C8533461EFFBC2C06AF58A /* Models */ = {
			isa = PBXGroup;
			children = (
				6CABA5A9A3730973ECE6DE79 /* AssetMetadata.swift */,
				FA7FD5FDDA7F45EB709C7621 /* CollageLayout.swift */,
				CFC4014935D476CA1F0AFD7D /* Collection.swift */,
				6B03155DE1EEE63EA783C064 /* Item.swift */,
				4178F4999C46AF3A779200EA /* Tag.swift */,
			);
			path = Models;
			sourceTree = "<group>";
		};
		821D3C412FF64CA4B3CAB03E /* CollageGenerator */ = {
			isa = PBXGroup;
			children = (
				D4074F025BB3E948F70D6C9F /* CollageExportService.swift */,
				FBBC9EF37838C083F1BFC46C /* CollageView.swift */,
				6E701A6F4B2136C66E1EB59A /* ImageExportView.swift */,
			);
			path = CollageGenerator;
			sourceTree = "<group>";
		};
		8527A74A45C7514E357D88CA /* Settings */ = {
			isa = PBXGroup;
			children = (
				A44F39146C6EEDB0CA78D454 /* SettingsView.swift */,
				9E8A95B13D9AD466C8E4145F /* SettingsViewModel.swift */,
			);
			path = Settings;
			sourceTree = "<group>";
		};
		8F29F54C3304FD0A40CD9BEF /* Detail */ = {
			isa = PBXGroup;
			children = (
				73E10B0698F35D66F8671C3F /* CollectionDetailView.swift */,
				FA3670F9BBF076C357835E5F /* ItemDetailView.swift */,
				B3627346FC920D567D7CEEC8 /* RefinementView.swift */,
			);
			path = Detail;
			sourceTree = "<group>";
		};
		94C00D5E0CE22CF0D2EBBB16 /* Utils */ = {
			isa = PBXGroup;
			children = (
				313FF1662E65F49730EDD937 /* AsyncDisplayImage.swift */,
				1D46D44F3378F3611A8BDDD4 /* AsyncThumbnailImage.swift */,
				FAABFEB07A85405B90BCC186 /* Color+Brand.swift */,
				6B752BEDF4AE8CD7AE09DA1F /* HapticManager.swift */,
				2A4E64696C642472B0140B4E /* MainNavigationState.swift */,
				6717B60569DACC9668A3C775 /* OpenCVBridge.h */,
				29182B406BC88001D407BD67 /* OpenCVBridge.mm */,
				90FEF294BF0C8DE5C26980D4 /* ShareSheet.swift */,
			);
			path = Utils;
			sourceTree = "<group>";
		};
		97D21AF65FE2B2EE3A9354FE = {
			isa = PBXGroup;
			children = (
				0C3FE268CA90BBA0E70FFE15 /* App */,
				9A3545E9410A76CDC59B0E84 /* Features */,
				DC9A703F7FA37803C1467959 /* ItaBinderTests */,
				76C8533461EFFBC2C06AF58A /* Models */,
				68D0960BC6244D7CCACD2051 /* Services */,
				94C00D5E0CE22CF0D2EBBB16 /* Utils */,
				A4AB4FB36524999781F0EF51 /* Views */,
				306014FFF5B24970F371BE75 /* Products */,
			);
			sourceTree = "<group>";
		};
		9A3545E9410A76CDC59B0E84 /* Features */ = {
			isa = PBXGroup;
			children = (
				821D3C412FF64CA4B3CAB03E /* CollageGenerator */,
				FAABB1DFC7BC5AC20101AB82 /* PosterGenerator */,
			);
			path = Features;
			sourceTree = "<group>";
		};
		9C3B8A0A6A0E8C675A21DA18 /* Common */ = {
			isa = PBXGroup;
			children = (D8BED69C0CD6C806A320CC8C /* CameraPicker.swift */,
				419608FA12EAE1D6D9011579 /* DynamicGlassBackground.swift */,
				0E67AE2EFD499285FD52D137 /* GuidedCameraView.swift */,
				5AAF2453B7794E7BA2ACFDD3 /* CaptureProcessingView.swift */,);
			path = Common;
			sourceTree = "<group>";
		};
		9D5CD1EE4384D401777B3C5F /* Stats */ = {
			isa = PBXGroup;
			children = (
				DB59BD5464C8780B0DD9DB8E /* DevotionView.swift */,
				65297B723B4D91341620C9CC /* StatsCard.swift */,
			);
			path = Stats;
			sourceTree = "<group>";
		};
		A4AB4FB36524999781F0EF51 /* Views */ = {
			isa = PBXGroup;
			children = (
				9C3B8A0A6A0E8C675A21DA18 /* Common */,
				8F29F54C3304FD0A40CD9BEF /* Detail */,
				6A38FBFEFC4D3AF99AAD34E2 /* Grid */,
				8527A74A45C7514E357D88CA /* Settings */,
				9D5CD1EE4384D401777B3C5F /* Stats */,
			);
			path = Views;
			sourceTree = "<group>";
		};
		DC9A703F7FA37803C1467959 /* ItaBinderTests */ = {
			isa = PBXGroup;
			children = (
				9C317DD2AE5ACEC5B30CE712 /* ClassificationServiceTests.swift */,
				55111B9BB59A6200A85B2A8E /* FloodFillEngineTests.swift */,
				A3FA331C08D332B6A2696A07 /* OCRServiceTests.swift */,
				2DE1FAEA4CB721481D9534F8 /* PersistenceTests.swift */,
			);
			path = ItaBinderTests;
			sourceTree = "<group>";
		};
		FAABB1DFC7BC5AC20101AB82 /* PosterGenerator */ = {
			isa = PBXGroup;
			children = (
				3946A380B139A2B4D0DF701E /* PosterConfiguration.swift */,
				F09DDCA80CE367062A172417 /* PosterExportView.swift */,
				E5CA268B386F1B1DBDCBF40B /* PosterRenderService.swift */,
				1CCF4958A997B7093798A714 /* PosterTemplateView.swift */,
			);
			path = PosterGenerator;
			sourceTree = "<group>";
		};
/* End PBXGroup section */

/* Begin PBXNativeTarget section */
		A32A501912784BBD38B52C49 /* ItaBinder */ = {
			isa = PBXNativeTarget;
			buildConfigurationList = F35FC0BCBB9DCEB119C95FF2 /* Build configuration list for PBXNativeTarget "ItaBinder" */;
			buildPhases = (
				1E05C0E0C91B64A9820FFB9B /* Sources */,
				8161D73A4486CCC947D6FE12 /* Frameworks */,
			);
			buildRules = (
			);
			dependencies = (
			);
			name = ItaBinder;
			packageProductDependencies = (
				2B4F4A8765140C18E3D50A75 /* OpenCV */,
			);
			productName = ItaBinder;
			productReference = F9AB76F8D9FFBF7DF19298B7 /* ItaBinder.app */;
			productType = "com.apple.product-type.application";
		};
		C0EC160686C5689E1E536784 /* ItaBinderTests */ = {
			isa = PBXNativeTarget;
			buildConfigurationList = F7A8778CF5D0752F3D92CCB7 /* Build configuration list for PBXNativeTarget "ItaBinderTests" */;
			buildPhases = (
				FAD2051444033051C9889C1A /* Sources */,
			);
			buildRules = (
			);
			dependencies = (
				4220FD86D0F8F981678A1440 /* PBXTargetDependency */,
			);
			name = ItaBinderTests;
			packageProductDependencies = (
			);
			productName = ItaBinderTests;
			productReference = 3FEDA6DA0CC4CD2FD0CEB6D5 /* ItaBinderTests.xctest */;
			productType = "com.apple.product-type.bundle.unit-test";
		};
/* End PBXNativeTarget section */

/* Begin PBXProject section */
		4D72426F108A81CAB8274E2B /* Project object */ = {
			isa = PBXProject;
			attributes = {
				BuildIndependentTargetsInParallel = YES;
				LastUpgradeCheck = 2630;
				TargetAttributes = {
					A32A501912784BBD38B52C49 = {
						ProvisioningStyle = Automatic;
					};
				};
			};
			buildConfigurationList = 587677091A281432520B210B /* Build configuration list for PBXProject "ItaBinder" */;
			developmentRegion = en;
			hasScannedForEncodings = 0;
			knownRegions = (
				Base,
				en,
			);
			mainGroup = 97D21AF65FE2B2EE3A9354FE;
			minimizedProjectReferenceProxies = 1;
			packageReferences = (
				30232CF2CE09E63C9801151F /* XCRemoteSwiftPackageReference "OpenCV-SPM" */,
			);
			preferredProjectObjectVersion = 77;
			productRefGroup = 306014FFF5B24970F371BE75 /* Products */;
			projectDirPath = "";
			projectRoot = "";
			targets = (
				A32A501912784BBD38B52C49 /* ItaBinder */,
				C0EC160686C5689E1E536784 /* ItaBinderTests */,
			);
		};
/* End PBXProject section */

/* Begin PBXSourcesBuildPhase section */
		1E05C0E0C91B64A9820FFB9B /* Sources */ = {
			isa = PBXSourcesBuildPhase;
			buildActionMask = 2147483647;
			files = (E63F257EA4CEB16C4F520E56 /* AssetMetadata.swift in Sources */,
				30038ABF251F4F243D981D4A /* AsyncDisplayImage.swift in Sources */,
				BFB9798CF14DC8E3CA79A51E /* AsyncThumbnailImage.swift in Sources */,
				327850675A9FDDC08CABA4D1 /* CameraPicker.swift in Sources */,
				34E05BA786307E484953D7C1 /* CaptureGuideManager.swift in Sources */,
				EFFE5E045E8C929AAC006456 /* CollageExportService.swift in Sources */,
				3423F33E7117B050DC55AC95 /* CollageLayout.swift in Sources */,
				7EC24E23AD6027FA9D1D863D /* CollageView.swift in Sources */,
				380015347B1C39B02E019FC6 /* Collection.swift in Sources */,
				C8FF2F98A7FFD7405C763220 /* CollectionDetailView.swift in Sources */,
				127F784C5A366D3EB4B36A31 /* CollectionsView.swift in Sources */,
				7B4EE3239B5EF94DD14F498F /* CollectionsViewModel.swift in Sources */,
				3CCB17D9B865D4AE078FB29B /* Color+Brand.swift in Sources */,
				35A9D503CF6191799C53F9DC /* DevotionView.swift in Sources */,
				B38A27CE949343D5982CECED /* DynamicGlassBackground.swift in Sources */,
				9544BB1C03BD59279BAEAE4D /* FloodFillEngine.swift in Sources */,
				6BA82CEE4F5ED72D7EFB2280 /* GuidedCameraView.swift in Sources */,
				2E0C7377F292880521AFE62C /* HapticManager.swift in Sources */,
				63D50FC868AB0B135FE36B01 /* HomeView.swift in Sources */,
				71AC1C2282BD5D384D81E4AD /* ImageCache.swift in Sources */,
				833B01F8E3457D7FC1A25EFA /* ImageClassificationService.swift in Sources */,
				0CDDE4859D7F63FEA020425F /* ImageExportView.swift in Sources */,
				CC96DD9B9971A47777E09023 /* ImageImportView.swift in Sources */,
				D25A8F6160DEA6804DE9CB52 /* ImageImporter.swift in Sources */,
				0A3175EBBA8A95AB2DABF61C /* ImageStorageManager.swift in Sources */,
				5A3AFE7909D3F4BCA34E3E30 /* ItaBinderApp.swift in Sources */,
				21852C468EB050EBE5550694 /* Item.swift in Sources */,
				DA94FA4592B6F44FF0E6B591 /* ItemCard.swift in Sources */,
				6B6DC057E261675449ADB86A /* ItemDetailView.swift in Sources */,
				B5C8860CD0E0E7110EF86B54 /* ItemGridView.swift in Sources */,
				70B9D01817F2C94A0AFC170E /* MainNavigationState.swift in Sources */,
				CBE0B3CEF79E650A11DADC94 /* MainTabView.swift in Sources */,
				0ECB0285D57AA78F02D516AA /* OCRService.swift in Sources */,
				6C953DE6F3D2E3AC75D60EFA /* OpenCVBridge.mm in Sources */,
				A27CE8943A60123993E81C4F /* PhotoLibraryManager.swift in Sources */,
				CCD96A8A85DAEA368F884A98 /* PhotoLibraryService.swift in Sources */,
				7F439386D89050AF444C0C25 /* PosterConfiguration.swift in Sources */,
				FB0AB2B40C939EE76EA23296 /* PosterExportView.swift in Sources */,
				95CAB3A9CE019657B7E9C261 /* PosterRenderService.swift in Sources */,
				FCE63E90871D6BA4178F48E6 /* PosterTemplateView.swift in Sources */,
				701E6FDD37DD08DDE7A8019A /* RefinementView.swift in Sources */,
				6F59AFA2290AFBFBB1E6236B /* SettingsView.swift in Sources */,
				31664FB4551FD2C169E16138 /* SettingsViewModel.swift in Sources */,
				1B4D9FA19ABC50E6FB397998 /* ShareSheet.swift in Sources */,
				FF86BF642C5F492D803E63F0 /* StatsCard.swift in Sources */,
				7845A249D334E26C3BB557A7 /* StatsService.swift in Sources */,
				68F41CEFE7FA3092AE904079 /* SuggestionService.swift in Sources */,
				31E29194C948FC217FB042B9 /* SyncManager.swift in Sources */,
				6BB3055C343C4AB5FA0FFA36 /* Tag.swift in Sources */,
				CF77C0C125C04B569EF5874E /* CaptureProcessingView.swift in Sources */,);
			runOnlyForDeploymentPostprocessing = 0;
		};
		FAD2051444033051C9889C1A /* Sources */ = {
			isa = PBXSourcesBuildPhase;
			buildActionMask = 2147483647;
			files = (
				2FB8A30763CA63FC7673A38D /* ClassificationServiceTests.swift in Sources */,
				50C2870BA82942B028462E4D /* FloodFillEngineTests.swift in Sources */,
				7A9ADE27609A9CB05C022C95 /* OCRServiceTests.swift in Sources */,
				2B2ACDDE243D6062EB8D03BF /* PersistenceTests.swift in Sources */,
			);
			runOnlyForDeploymentPostprocessing = 0;
		};
/* End PBXSourcesBuildPhase section */

/* Begin PBXTargetDependency section */
		4220FD86D0F8F981678A1440 /* PBXTargetDependency */ = {
			isa = PBXTargetDependency;
			target = A32A501912784BBD38B52C49 /* ItaBinder */;
			targetProxy = 72B6651295A19859CB5914E9 /* PBXContainerItemProxy */;
		};
/* End PBXTargetDependency section */

/* Begin XCBuildConfiguration section */
		988B205CE920008E63665D2B /* Debug */ = {
			isa = XCBuildConfiguration;
			buildSettings = {
				ASSETCATALOG_COMPILER_APPICON_NAME = AppIcon;
				CLANG_WARN_DOCUMENTATION_COMMENTS = NO;
				CLANG_WARN_QUOTED_INCLUDE_IN_FRAMEWORK_HEADER = NO;
				CODE_SIGN_IDENTITY = "iPhone Developer";
				CODE_SIGN_STYLE = Automatic;
				DEVELOPMENT_TEAM = 8HGQ334Q8J;
				ENABLE_PREVIEWS = YES;
				INFOPLIST_FILE = App/Info.plist;
				IPHONEOS_DEPLOYMENT_TARGET = 18.4;
				LD_RUNPATH_SEARCH_PATHS = (
					"$(inherited)",
					"@executable_path/Frameworks",
				);
				PRODUCT_BUNDLE_IDENTIFIER = com.buleegasy.ItaBinder;
				SDKROOT = iphoneos;
				SWIFT_OBJC_BRIDGING_HEADER = "App/ItaBinder-Bridging-Header.h";
				SWIFT_VERSION = 5.0;
				TARGETED_DEVICE_FAMILY = "1,2";
			};
			name = Debug;
		};
		9E15FA6708CD4E9AFCE793CD /* Release */ = {
			isa = XCBuildConfiguration;
			buildSettings = {
				ASSETCATALOG_COMPILER_APPICON_NAME = AppIcon;
				CLANG_WARN_DOCUMENTATION_COMMENTS = NO;
				CLANG_WARN_QUOTED_INCLUDE_IN_FRAMEWORK_HEADER = NO;
				CODE_SIGN_IDENTITY = "iPhone Developer";
				CODE_SIGN_STYLE = Automatic;
				DEVELOPMENT_TEAM = 8HGQ334Q8J;
				ENABLE_PREVIEWS = YES;
				INFOPLIST_FILE = App/Info.plist;
				IPHONEOS_DEPLOYMENT_TARGET = 18.4;
				LD_RUNPATH_SEARCH_PATHS = (
					"$(inherited)",
					"@executable_path/Frameworks",
				);
				PRODUCT_BUNDLE_IDENTIFIER = com.buleegasy.ItaBinder;
				SDKROOT = iphoneos;
				SWIFT_OBJC_BRIDGING_HEADER = "App/ItaBinder-Bridging-Header.h";
				SWIFT_VERSION = 5.0;
				TARGETED_DEVICE_FAMILY = "1,2";
			};
			name = Release;
		};
		A0BFC3376A074009080423A2 /* Release */ = {
			isa = XCBuildConfiguration;
			buildSettings = {
				BUNDLE_LOADER = "$(TEST_HOST)";
				GENERATE_INFOPLIST_FILE = YES;
				IPHONEOS_DEPLOYMENT_TARGET = 18.4;
				LD_RUNPATH_SEARCH_PATHS = (
					"$(inherited)",
					"@executable_path/Frameworks",
					"@loader_path/Frameworks",
				);
				PRODUCT_BUNDLE_IDENTIFIER = com.buleegasy.ItaBinderTests;
				SDKROOT = iphoneos;
				TARGETED_DEVICE_FAMILY = "1,2";
				TEST_HOST = "$(BUILT_PRODUCTS_DIR)/ItaBinder.app/ItaBinder";
			};
			name = Release;
		};
		AD20230A5426B724A2A721F5 /* Debug */ = {
			isa = XCBuildConfiguration;
			buildSettings = {
				ALWAYS_SEARCH_USER_PATHS = NO;
				ASSETCATALOG_COMPILER_GENERATE_SWIFT_ASSET_SYMBOL_EXTENSIONS = YES;
				CLANG_ANALYZER_NONNULL = YES;
				CLANG_ANALYZER_NUMBER_OBJECT_CONVERSION = YES_AGGRESSIVE;
				CLANG_CXX_LANGUAGE_STANDARD = "gnu++14";
				CLANG_CXX_LIBRARY = "libc++";
				CLANG_ENABLE_MODULES = YES;
				CLANG_ENABLE_OBJC_ARC = YES;
				CLANG_ENABLE_OBJC_WEAK = YES;
				CLANG_WARN_BLOCK_CAPTURE_AUTORELEASING = YES;
				CLANG_WARN_BOOL_CONVERSION = YES;
				CLANG_WARN_COMMA = YES;
				CLANG_WARN_CONSTANT_CONVERSION = YES;
				CLANG_WARN_DEPRECATED_OBJC_IMPLEMENTATIONS = YES;
				CLANG_WARN_DIRECT_OBJC_ISA_USAGE = YES_ERROR;
				CLANG_WARN_DOCUMENTATION_COMMENTS = YES;
				CLANG_WARN_EMPTY_BODY = YES;
				CLANG_WARN_ENUM_CONVERSION = YES;
				CLANG_WARN_INFINITE_RECURSION = YES;
				CLANG_WARN_INT_CONVERSION = YES;
				CLANG_WARN_NON_LITERAL_NULL_CONVERSION = YES;
				CLANG_WARN_OBJC_IMPLICIT_RETAIN_SELF = YES;
				CLANG_WARN_OBJC_LITERAL_CONVERSION = YES;
				CLANG_WARN_OBJC_ROOT_CLASS = YES_ERROR;
				CLANG_WARN_QUOTED_INCLUDE_IN_FRAMEWORK_HEADER = YES;
				CLANG_WARN_RANGE_LOOP_ANALYSIS = YES;
				CLANG_WARN_STRICT_PROTOTYPES = YES;
				CLANG_WARN_SUSPICIOUS_MOVE = YES;
				CLANG_WARN_UNGUARDED_AVAILABILITY = YES_AGGRESSIVE;
				CLANG_WARN_UNREACHABLE_CODE = YES;
				CLANG_WARN__DUPLICATE_METHOD_MATCH = YES;
				COPY_PHASE_STRIP = NO;
				DEBUG_INFORMATION_FORMAT = dwarf;
				ENABLE_STRICT_OBJC_MSGSEND = YES;
				ENABLE_TESTABILITY = YES;
				ENABLE_USER_SCRIPT_SANDBOXING = YES;
				GCC_C_LANGUAGE_STANDARD = gnu11;
				GCC_DYNAMIC_NO_PIC = NO;
				GCC_NO_COMMON_BLOCKS = YES;
				GCC_OPTIMIZATION_LEVEL = 0;
				GCC_PREPROCESSOR_DEFINITIONS = (
					"$(inherited)",
					"DEBUG=1",
				);
				GCC_WARN_64_TO_32_BIT_CONVERSION = YES;
				GCC_WARN_ABOUT_RETURN_TYPE = YES_ERROR;
				GCC_WARN_UNDECLARED_SELECTOR = YES;
				GCC_WARN_UNINITIALIZED_AUTOS = YES_AGGRESSIVE;
				GCC_WARN_UNUSED_FUNCTION = YES;
				GCC_WARN_UNUSED_VARIABLE = YES;
				MTL_ENABLE_DEBUG_INFO = INCLUDE_SOURCE;
				MTL_FAST_MATH = YES;
				ONLY_ACTIVE_ARCH = YES;
				PRODUCT_NAME = "$(TARGET_NAME)";
				SDKROOT = iphoneos;
				STRING_CATALOG_GENERATE_SYMBOLS = YES;
				SWIFT_ACTIVE_COMPILATION_CONDITIONS = DEBUG;
				SWIFT_OPTIMIZATION_LEVEL = "-Onone";
				SWIFT_VERSION = 5.0;
			};
			name = Debug;
		};
		C1A5BA72D7911689172039F9 /* Debug */ = {
			isa = XCBuildConfiguration;
			buildSettings = {
				BUNDLE_LOADER = "$(TEST_HOST)";
				GENERATE_INFOPLIST_FILE = YES;
				IPHONEOS_DEPLOYMENT_TARGET = 18.4;
				LD_RUNPATH_SEARCH_PATHS = (
					"$(inherited)",
					"@executable_path/Frameworks",
					"@loader_path/Frameworks",
				);
				PRODUCT_BUNDLE_IDENTIFIER = com.buleegasy.ItaBinderTests;
				SDKROOT = iphoneos;
				TARGETED_DEVICE_FAMILY = "1,2";
				TEST_HOST = "$(BUILT_PRODUCTS_DIR)/ItaBinder.app/ItaBinder";
			};
			name = Debug;
		};
		E78D10D1FB6D373E97BDE400 /* Release */ = {
			isa = XCBuildConfiguration;
			buildSettings = {
				ALWAYS_SEARCH_USER_PATHS = NO;
				ASSETCATALOG_COMPILER_GENERATE_SWIFT_ASSET_SYMBOL_EXTENSIONS = YES;
				CLANG_ANALYZER_NONNULL = YES;
				CLANG_ANALYZER_NUMBER_OBJECT_CONVERSION = YES_AGGRESSIVE;
				CLANG_CXX_LANGUAGE_STANDARD = "gnu++14";
				CLANG_CXX_LIBRARY = "libc++";
				CLANG_ENABLE_MODULES = YES;
				CLANG_ENABLE_OBJC_ARC = YES;
				CLANG_ENABLE_OBJC_WEAK = YES;
				CLANG_WARN_BLOCK_CAPTURE_AUTORELEASING = YES;
				CLANG_WARN_BOOL_CONVERSION = YES;
				CLANG_WARN_COMMA = YES;
				CLANG_WARN_CONSTANT_CONVERSION = YES;
				CLANG_WARN_DEPRECATED_OBJC_IMPLEMENTATIONS = YES;
				CLANG_WARN_DIRECT_OBJC_ISA_USAGE = YES_ERROR;
				CLANG_WARN_DOCUMENTATION_COMMENTS = YES;
				CLANG_WARN_EMPTY_BODY = YES;
				CLANG_WARN_ENUM_CONVERSION = YES;
				CLANG_WARN_INFINITE_RECURSION = YES;
				CLANG_WARN_INT_CONVERSION = YES;
				CLANG_WARN_NON_LITERAL_NULL_CONVERSION = YES;
				CLANG_WARN_OBJC_IMPLICIT_RETAIN_SELF = YES;
				CLANG_WARN_OBJC_LITERAL_CONVERSION = YES;
				CLANG_WARN_OBJC_ROOT_CLASS = YES_ERROR;
				CLANG_WARN_QUOTED_INCLUDE_IN_FRAMEWORK_HEADER = YES;
				CLANG_WARN_RANGE_LOOP_ANALYSIS = YES;
				CLANG_WARN_STRICT_PROTOTYPES = YES;
				CLANG_WARN_SUSPICIOUS_MOVE = YES;
				CLANG_WARN_UNGUARDED_AVAILABILITY = YES_AGGRESSIVE;
				CLANG_WARN_UNREACHABLE_CODE = YES;
				CLANG_WARN__DUPLICATE_METHOD_MATCH = YES;
				COPY_PHASE_STRIP = NO;
				DEBUG_INFORMATION_FORMAT = "dwarf-with-dsym";
				ENABLE_NS_ASSERTIONS = NO;
				ENABLE_STRICT_OBJC_MSGSEND = YES;
				ENABLE_USER_SCRIPT_SANDBOXING = YES;
				GCC_C_LANGUAGE_STANDARD = gnu11;
				GCC_NO_COMMON_BLOCKS = YES;
				GCC_WARN_64_TO_32_BIT_CONVERSION = YES;
				GCC_WARN_ABOUT_RETURN_TYPE = YES_ERROR;
				GCC_WARN_UNDECLARED_SELECTOR = YES;
				GCC_WARN_UNINITIALIZED_AUTOS = YES_AGGRESSIVE;
				GCC_WARN_UNUSED_FUNCTION = YES;
				GCC_WARN_UNUSED_VARIABLE = YES;
				MTL_ENABLE_DEBUG_INFO = NO;
				MTL_FAST_MATH = YES;
				PRODUCT_NAME = "$(TARGET_NAME)";
				SDKROOT = iphoneos;
				STRING_CATALOG_GENERATE_SYMBOLS = YES;
				SWIFT_COMPILATION_MODE = wholemodule;
				SWIFT_OPTIMIZATION_LEVEL = "-O";
				SWIFT_VERSION = 5.0;
			};
			name = Release;
		};
/* End XCBuildConfiguration section */

/* Begin XCConfigurationList section */
		587677091A281432520B210B /* Build configuration list for PBXProject "ItaBinder" */ = {
			isa = XCConfigurationList;
			buildConfigurations = (
				AD20230A5426B724A2A721F5 /* Debug */,
				E78D10D1FB6D373E97BDE400 /* Release */,
			);
			defaultConfigurationIsVisible = 0;
			defaultConfigurationName = Debug;
		};
		F35FC0BCBB9DCEB119C95FF2 /* Build configuration list for PBXNativeTarget "ItaBinder" */ = {
			isa = XCConfigurationList;
			buildConfigurations = (
				988B205CE920008E63665D2B /* Debug */,
				9E15FA6708CD4E9AFCE793CD /* Release */,
			);
			defaultConfigurationIsVisible = 0;
			defaultConfigurationName = Debug;
		};
		F7A8778CF5D0752F3D92CCB7 /* Build configuration list for PBXNativeTarget "ItaBinderTests" */ = {
			isa = XCConfigurationList;
			buildConfigurations = (
				C1A5BA72D7911689172039F9 /* Debug */,
				A0BFC3376A074009080423A2 /* Release */,
			);
			defaultConfigurationIsVisible = 0;
			defaultConfigurationName = Debug;
		};
/* End XCConfigurationList section */

/* Begin XCRemoteSwiftPackageReference section */
		30232CF2CE09E63C9801151F /* XCRemoteSwiftPackageReference "OpenCV-SPM" */ = {
			isa = XCRemoteSwiftPackageReference;
			repositoryURL = "https://github.com/yeatse/OpenCV-SPM";
			requirement = {
				kind = upToNextMajorVersion;
				minimumVersion = 4.10.0;
			};
		};
/* End XCRemoteSwiftPackageReference section */

/* Begin XCSwiftPackageProductDependency section */
		2B4F4A8765140C18E3D50A75 /* OpenCV */ = {
			isa = XCSwiftPackageProductDependency;
			package = 30232CF2CE09E63C9801151F /* XCRemoteSwiftPackageReference "OpenCV-SPM" */;
			productName = OpenCV;
		};
/* End XCSwiftPackageProductDependency section */
	};
	rootObject = 4D72426F108A81CAB8274E2B /* Project object */;
}
